
Microsoft Visual Studio Solution File, Format Version 12.00
# Visual Studio Version 17
VisualStudioVersion = 17.13.35913.81 d17.13
MinimumVisualStudioVersion = 10.0.40219.1
Project("{FAE04EC0-301F-11D3-BF4B-00C04F79EFBC}") = "Advancebasics", "Advancebasics\Advancebasics.csproj", "{81E0A68F-0786-4ADF-8A28-46ED6A9F8875}"
EndProject
Global
	GlobalSection(SolutionConfigurationPlatforms) = preSolution
		Debug|Any CPU = Debug|Any CPU
		Release|Any CPU = Release|Any CPU
	EndGlobalSection
	GlobalSection(ProjectConfigurationPlatforms) = postSolution
		{81E0A68F-0786-4ADF-8A28-46ED6A9F8875}.Debug|Any CPU.ActiveCfg = Debug|Any CPU
		{81E0A68F-0786-4ADF-8A28-46ED6A9F8875}.Debug|Any CPU.Build.0 = Debug|Any CPU
		{81E0A68F-0786-4ADF-8A28-46ED6A9F8875}.Release|Any CPU.ActiveCfg = Release|Any CPU
		{81E0A68F-0786-4ADF-8A28-46ED6A9F8875}.Release|Any CPU.Build.0 = Release|Any CPU
	EndGlobalSection
	GlobalSection(SolutionProperties) = preSolution
		HideSolutionNode = FALSE
	EndGlobalSection
	GlobalSection(ExtensibilityGlobals) = postSolution
		SolutionGuid = {47B21A10-23EC-46CD-A24F-1B06E52C00AA}
	EndGlobalSection
EndGlobal
